
Microsoft Visual Studio Solution File, Format Version 12.00
# Visual Studio Version 17
VisualStudioVersion = 17.6.33801.468
MinimumVisualStudioVersion = 10.0.40219.1
Project("{FAE04EC0-301F-11D3-BF4B-00C04F79EFBC}") = "filehandlingForm", "filehandlingForm\filehandlingForm.csproj", "{DEC76B16-80BD-4BD0-9AED-401D9A50448D}"
EndProject
Global
	GlobalSection(SolutionConfigurationPlatforms) = preSolution
		Debug|Any CPU = Debug|Any CPU
		Release|Any CPU = Release|Any CPU
	EndGlobalSection
	GlobalSection(ProjectConfigurationPlatforms) = postSolution
		{DEC76B16-80BD-4BD0-9AED-401D9A50448D}.Debug|Any CPU.ActiveCfg = Debug|Any CPU
		{DEC76B16-80BD-4BD0-9AED-401D9A50448D}.Debug|Any CPU.Build.0 = Debug|Any CPU
		{DEC76B16-80BD-4BD0-9AED-401D9A50448D}.Release|Any CPU.ActiveCfg = Release|Any CPU
		{DEC76B16-80BD-4BD0-9AED-401D9A50448D}.Release|Any CPU.Build.0 = Release|Any CPU
	EndGlobalSection
	GlobalSection(SolutionProperties) = preSolution
		HideSolutionNode = FALSE
	EndGlobalSection
	GlobalSection(ExtensibilityGlobals) = postSolution
		SolutionGuid = {3C4F0D80-5D54-4059-A144-225F3EE66337}
	EndGlobalSection
EndGlobal
